
Microsoft Visual Studio Solution File, Format Version 12.00
# Visual Studio Version 17
VisualStudioVersion = 17.7.34024.191
MinimumVisualStudioVersion = 10.0.40219.1
Project("{FAE04EC0-301F-11D3-BF4B-00C04F79EFBC}") = "FirstMVCcoreapp", "FirstMVCcoreapp\FirstMVCcoreapp.csproj", "{95380092-82BD-44DA-877A-AC1400C6FEEB}"
EndProject
Global
	GlobalSection(SolutionConfigurationPlatforms) = preSolution
		Debug|Any CPU = Debug|Any CPU
		Release|Any CPU = Release|Any CPU
	EndGlobalSection
	GlobalSection(ProjectConfigurationPlatforms) = postSolution
		{95380092-82BD-44DA-877A-AC1400C6FEEB}.Debug|Any CPU.ActiveCfg = Debug|Any CPU
		{95380092-82BD-44DA-877A-AC1400C6FEEB}.Debug|Any CPU.Build.0 = Debug|Any CPU
		{95380092-82BD-44DA-877A-AC1400C6FEEB}.Release|Any CPU.ActiveCfg = Release|Any CPU
		{95380092-82BD-44DA-877A-AC1400C6FEEB}.Release|Any CPU.Build.0 = Release|Any CPU
	EndGlobalSection
	GlobalSection(SolutionProperties) = preSolution
		HideSolutionNode = FALSE
	EndGlobalSection
	GlobalSection(ExtensibilityGlobals) = postSolution
		SolutionGuid = {00130A08-6D88-4D7C-90C3-93583AC49CD6}
	EndGlobalSection
EndGlobal
